
Microsoft Visual Studio Solution File, Format Version 12.00
# Visual Studio Version 17
VisualStudioVersion = 17.14.36623.8 d17.14
MinimumVisualStudioVersion = 10.0.40219.1
Project("{FAE04EC0-301F-11D3-BF4B-00C04F79EFBC}") = "WebApplication1", "WebApplication1\WebApplication1.csproj", "{785479B1-52C9-4AC4-BDB7-4186FA9E07F1}"
EndProject
Global
	GlobalSection(SolutionConfigurationPlatforms) = preSolution
		Debug|Any CPU = Debug|Any CPU
		Release|Any CPU = Release|Any CPU
	EndGlobalSection
	GlobalSection(ProjectConfigurationPlatforms) = postSolution
		{785479B1-52C9-4AC4-BDB7-4186FA9E07F1}.Debug|Any CPU.ActiveCfg = Debug|Any CPU
		{785479B1-52C9-4AC4-BDB7-4186FA9E07F1}.Debug|Any CPU.Build.0 = Debug|Any CPU
		{785479B1-52C9-4AC4-BDB7-4186FA9E07F1}.Release|Any CPU.ActiveCfg = Release|Any CPU
		{785479B1-52C9-4AC4-BDB7-4186FA9E07F1}.Release|Any CPU.Build.0 = Release|Any CPU
	EndGlobalSection
	GlobalSection(SolutionProperties) = preSolution
		HideSolutionNode = FALSE
	EndGlobalSection
	GlobalSection(ExtensibilityGlobals) = postSolution
		SolutionGuid = {E5B8B060-676E-411F-9FBD-4798C92971A5}
	EndGlobalSection
EndGlobal
